
Microsoft Visual Studio Solution File, Format Version 12.00
# Visual Studio Version 17
VisualStudioVersion = 17.1.32210.238
MinimumVisualStudioVersion = 10.0.40219.1
Project("{8BC9CEB8-8B4A-11D0-8D11-00A0C91BC942}") = "Lab01", "Lab1\Lab1.vcxproj", "{BBBD8526-5C96-4FB2-B954-4D885F57AE5A}"
EndProject
Project("{8BC9CEB8-8B4A-11D0-8D11-00A0C91BC942}") = "Lab02", "Lab2\Lab2.vcxproj", "{BE0F7AC2-3AA3-4F05-982B-063CF33E8BC5}"
EndProject
Project("{8BC9CEB8-8B4A-11D0-8D11-00A0C91BC942}") = "Lab03", "Lab3\Lab3.vcxproj", "{03099190-D5EB-4263-8AE3-7DCBC8064C23}"
EndProject
Project("{8BC9CEB8-8B4A-11D0-8D11-00A0C91BC942}") = "Lab04", "Lab4\Lab4.vcxproj", "{26F7617E-FB98-4BCF-A30D-8290F64B449E}"
EndProject
Project("{8BC9CEB8-8B4A-11D0-8D11-00A0C91BC942}") = "Lab05", "Lab5\Lab5.vcxproj", "{552749B9-487D-4D7F-866C-DBD63EB737CE}"
EndProject
Project("{8BC9CEB8-8B4A-11D0-8D11-00A0C91BC942}") = "Lab06", "Lab6\Lab6.vcxproj", "{886BCF32-C781-4CE4-9FF0-5BD56D9CB8E0}"
EndProject
Project("{8BC9CEB8-8B4A-11D0-8D11-00A0C91BC942}") = "Lab07", "Lab7\Lab7.vcxproj", "{F79E5820-DA75-4CB9-80D7-E0E0CA01AD02}"
EndProject
Project("{8BC9CEB8-8B4A-11D0-8D11-00A0C91BC942}") = "Lab09", "Lab8\Lab8.vcxproj", "{E05D85EF-360C-4E3D-9E11-3066D8F4E13E}"
EndProject
Project("{8BC9CEB8-8B4A-11D0-8D11-00A0C91BC942}") = "Lab10", "Lab10\Lab10.vcxproj", "{8D19B5F1-70D1-4D35-AAE4-8A72BD09B422}"
EndProject
Project("{8BC9CEB8-8B4A-11D0-8D11-00A0C91BC942}") = "Lab11", "Lab11\Lab11.vcxproj", "{7CE055DF-E80C-416A-BB38-7B52838A423D}"
EndProject
Project("{8BC9CEB8-8B4A-11D0-8D11-00A0C91BC942}") = "Lab11_2", "Lab11_2\Lab11_2.vcxproj", "{38254C98-D584-4558-853B-2E88F86B3FC5}"
EndProject
Project("{8BC9CEB8-8B4A-11D0-8D11-00A0C91BC942}") = "Lab12", "Lab12\Lab12.vcxproj", "{6B2E6F10-BAAD-4BBB-A466-0213D96C8C4D}"
EndProject
Project("{8BC9CEB8-8B4A-11D0-8D11-00A0C91BC942}") = "Lab13", "Lab13\Lab13.vcxproj", "{AE88610F-4AFB-4BF9-8665-939B168FCC19}"
EndProject
Project("{8BC9CEB8-8B4A-11D0-8D11-00A0C91BC942}") = "Lab14", "Lab14\Lab14.vcxproj", "{CCE1DFD2-5D2B-46F6-8672-3B83676D4BCE}"
EndProject
Project("{8BC9CEB8-8B4A-11D0-8D11-00A0C91BC942}") = "Lab15", "Lab15\Lab15.vcxproj", "{013824D5-BF5F-495A-B7A8-ADE726561498}"
EndProject
Global
	GlobalSection(SolutionConfigurationPlatforms) = preSolution
		Debug|x64 = Debug|x64
		Debug|x86 = Debug|x86
		Release|x64 = Release|x64
		Release|x86 = Release|x86
	EndGlobalSection
	GlobalSection(ProjectConfigurationPlatforms) = postSolution
		{BBBD8526-5C96-4FB2-B954-4D885F57AE5A}.Debug|x64.ActiveCfg = Debug|x64
		{BBBD8526-5C96-4FB2-B954-4D885F57AE5A}.Debug|x64.Build.0 = Debug|x64
		{BBBD8526-5C96-4FB2-B954-4D885F57AE5A}.Debug|x86.ActiveCfg = Debug|Win32
		{BBBD8526-5C96-4FB2-B954-4D885F57AE5A}.Debug|x86.Build.0 = Debug|Win32
		{BBBD8526-5C96-4FB2-B954-4D885F57AE5A}.Release|x64.ActiveCfg = Release|x64
		{BBBD8526-5C96-4FB2-B954-4D885F57AE5A}.Release|x64.Build.0 = Release|x64
		{BBBD8526-5C96-4FB2-B954-4D885F57AE5A}.Release|x86.ActiveCfg = Release|Win32
		{BBBD8526-5C96-4FB2-B954-4D885F57AE5A}.Release|x86.Build.0 = Release|Win32
		{BE0F7AC2-3AA3-4F05-982B-063CF33E8BC5}.Debug|x64.ActiveCfg = Debug|x64
		{BE0F7AC2-3AA3-4F05-982B-063CF33E8BC5}.Debug|x64.Build.0 = Debug|x64
		{BE0F7AC2-3AA3-4F05-982B-063CF33E8BC5}.Debug|x86.ActiveCfg = Debug|Win32
		{BE0F7AC2-3AA3-4F05-982B-063CF33E8BC5}.Debug|x86.Build.0 = Debug|Win32
		{BE0F7AC2-3AA3-4F05-982B-063CF33E8BC5}.Release|x64.ActiveCfg = Release|x64
		{BE0F7AC2-3AA3-4F05-982B-063CF33E8BC5}.Release|x64.Build.0 = Release|x64
		{BE0F7AC2-3AA3-4F05-982B-063CF33E8BC5}.Release|x86.ActiveCfg = Release|Win32
		{BE0F7AC2-3AA3-4F05-982B-063CF33E8BC5}.Release|x86.Build.0 = Release|Win32
		{03099190-D5EB-4263-8AE3-7DCBC8064C23}.Debug|x64.ActiveCfg = Debug|x64
		{03099190-D5EB-4263-8AE3-7DCBC8064C23}.Debug|x64.Build.0 = Debug|x64
		{03099190-D5EB-4263-8AE3-7DCBC8064C23}.Debug|x86.ActiveCfg = Debug|Win32
		{03099190-D5EB-4263-8AE3-7DCBC8064C23}.Debug|x86.Build.0 = Debug|Win32
		{03099190-D5EB-4263-8AE3-7DCBC8064C23}.Release|x64.ActiveCfg = Release|x64
		{03099190-D5EB-4263-8AE3-7DCBC8064C23}.Release|x64.Build.0 = Release|x64
		{03099190-D5EB-4263-8AE3-7DCBC8064C23}.Release|x86.ActiveCfg = Release|Win32
		{03099190-D5EB-4263-8AE3-7DCBC8064C23}.Release|x86.Build.0 = Release|Win32
		{26F7617E-FB98-4BCF-A30D-8290F64B449E}.Debug|x64.ActiveCfg = Debug|x64
		{26F7617E-FB98-4BCF-A30D-8290F64B449E}.Debug|x64.Build.0 = Debug|x64
		{26F7617E-FB98-4BCF-A30D-8290F64B449E}.Debug|x86.ActiveCfg = Debug|Win32
		{26F7617E-FB98-4BCF-A30D-8290F64B449E}.Debug|x86.Build.0 = Debug|Win32
		{26F7617E-FB98-4BCF-A30D-8290F64B449E}.Release|x64.ActiveCfg = Release|x64
		{26F7617E-FB98-4BCF-A30D-8290F64B449E}.Release|x64.Build.0 = Release|x64
		{26F7617E-FB98-4BCF-A30D-8290F64B449E}.Release|x86.ActiveCfg = Release|Win32
		{26F7617E-FB98-4BCF-A30D-8290F64B449E}.Release|x86.Build.0 = Release|Win32
		{552749B9-487D-4D7F-866C-DBD63EB737CE}.Debug|x64.ActiveCfg = Debug|x64
		{552749B9-487D-4D7F-866C-DBD63EB737CE}.Debug|x64.Build.0 = Debug|x64
		{552749B9-487D-4D7F-866C-DBD63EB737CE}.Debug|x86.ActiveCfg = Debug|Win32
		{552749B9-487D-4D7F-866C-DBD63EB737CE}.Debug|x86.Build.0 = Debug|Win32
		{552749B9-487D-4D7F-866C-DBD63EB737CE}.Release|x64.ActiveCfg = Release|x64
		{552749B9-487D-4D7F-866C-DBD63EB737CE}.Release|x64.Build.0 = Release|x64
		{552749B9-487D-4D7F-866C-DBD63EB737CE}.Release|x86.ActiveCfg = Release|Win32
		{552749B9-487D-4D7F-866C-DBD63EB737CE}.Release|x86.Build.0 = Release|Win32
		{886BCF32-C781-4CE4-9FF0-5BD56D9CB8E0}.Debug|x64.ActiveCfg = Debug|x64
		{886BCF32-C781-4CE4-9FF0-5BD56D9CB8E0}.Debug|x64.Build.0 = Debug|x64
		{886BCF32-C781-4CE4-9FF0-5BD56D9CB8E0}.Debug|x86.ActiveCfg = Debug|Win32
		{886BCF32-C781-4CE4-9FF0-5BD56D9CB8E0}.Debug|x86.Build.0 = Debug|Win32
		{886BCF32-C781-4CE4-9FF0-5BD56D9CB8E0}.Release|x64.ActiveCfg = Release|x64
		{886BCF32-C781-4CE4-9FF0-5BD56D9CB8E0}.Release|x64.Build.0 = Release|x64
		{886BCF32-C781-4CE4-9FF0-5BD56D9CB8E0}.Release|x86.ActiveCfg = Release|Win32
		{886BCF32-C781-4CE4-9FF0-5BD56D9CB8E0}.Release|x86.Build.0 = Release|Win32
		{F79E5820-DA75-4CB9-80D7-E0E0CA01AD02}.Debug|x64.ActiveCfg = Debug|x64
		{F79E5820-DA75-4CB9-80D7-E0E0CA01AD02}.Debug|x64.Build.0 = Debug|x64
		{F79E5820-DA75-4CB9-80D7-E0E0CA01AD02}.Debug|x86.ActiveCfg = Debug|Win32
		{F79E5820-DA75-4CB9-80D7-E0E0CA01AD02}.Debug|x86.Build.0 = Debug|Win32
		{F79E5820-DA75-4CB9-80D7-E0E0CA01AD02}.Release|x64.ActiveCfg = Release|x64
		{F79E5820-DA75-4CB9-80D7-E0E0CA01AD02}.Release|x64.Build.0 = Release|x64
		{F79E5820-DA75-4CB9-80D7-E0E0CA01AD02}.Release|x86.ActiveCfg = Release|Win32
		{F79E5820-DA75-4CB9-80D7-E0E0CA01AD02}.Release|x86.Build.0 = Release|Win32
		{E05D85EF-360C-4E3D-9E11-3066D8F4E13E}.Debug|x64.ActiveCfg = Debug|x64
		{E05D85EF-360C-4E3D-9E11-3066D8F4E13E}.Debug|x64.Build.0 = Debug|x64
		{E05D85EF-360C-4E3D-9E11-3066D8F4E13E}.Debug|x86.ActiveCfg = Debug|Win32
		{E05D85EF-360C-4E3D-9E11-3066D8F4E13E}.Debug|x86.Build.0 = Debug|Win32
		{E05D85EF-360C-4E3D-9E11-3066D8F4E13E}.Release|x64.ActiveCfg = Release|x64
		{E05D85EF-360C-4E3D-9E11-3066D8F4E13E}.Release|x64.Build.0 = Release|x64
		{E05D85EF-360C-4E3D-9E11-3066D8F4E13E}.Release|x86.ActiveCfg = Release|Win32
		{E05D85EF-360C-4E3D-9E11-3066D8F4E13E}.Release|x86.Build.0 = Release|Win32
		{8D19B5F1-70D1-4D35-AAE4-8A72BD09B422}.Debug|x64.ActiveCfg = Debug|x64
		{8D19B5F1-70D1-4D35-AAE4-8A72BD09B422}.Debug|x64.Build.0 = Debug|x64
		{8D19B5F1-70D1-4D35-AAE4-8A72BD09B422}.Debug|x86.ActiveCfg = Debug|Win32
		{8D19B5F1-70D1-4D35-AAE4-8A72BD09B422}.Debug|x86.Build.0 = Debug|Win32
		{8D19B5F1-70D1-4D35-AAE4-8A72BD09B422}.Release|x64.ActiveCfg = Release|x64
		{8D19B5F1-70D1-4D35-AAE4-8A72BD09B422}.Release|x64.Build.0 = Release|x64
		{8D19B5F1-70D1-4D35-AAE4-8A72BD09B422}.Release|x86.ActiveCfg = Release|Win32
		{8D19B5F1-70D1-4D35-AAE4-8A72BD09B422}.Release|x86.Build.0 = Release|Win32
		{7CE055DF-E80C-416A-BB38-7B52838A423D}.Debug|x64.ActiveCfg = Debug|x64
		{7CE055DF-E80C-416A-BB38-7B52838A423D}.Debug|x64.Build.0 = Debug|x64
		{7CE055DF-E80C-416A-BB38-7B52838A423D}.Debug|x86.ActiveCfg = Debug|Win32
		{7CE055DF-E80C-416A-BB38-7B52838A423D}.Debug|x86.Build.0 = Debug|Win32
		{7CE055DF-E80C-416A-BB38-7B52838A423D}.Release|x64.ActiveCfg = Release|x64
		{7CE055DF-E80C-416A-BB38-7B52838A423D}.Release|x64.Build.0 = Release|x64
		{7CE055DF-E80C-416A-BB38-7B52838A423D}.Release|x86.ActiveCfg = Release|Win32
		{7CE055DF-E80C-416A-BB38-7B52838A423D}.Release|x86.Build.0 = Release|Win32
		{38254C98-D584-4558-853B-2E88F86B3FC5}.Debug|x64.ActiveCfg = Debug|x64
		{38254C98-D584-4558-853B-2E88F86B3FC5}.Debug|x64.Build.0 = Debug|x64
		{38254C98-D584-4558-853B-2E88F86B3FC5}.Debug|x86.ActiveCfg = Debug|Win32
		{38254C98-D584-4558-853B-2E88F86B3FC5}.Debug|x86.Build.0 = Debug|Win32
		{38254C98-D584-4558-853B-2E88F86B3FC5}.Release|x64.ActiveCfg = Release|x64
		{38254C98-D584-4558-853B-2E88F86B3FC5}.Release|x64.Build.0 = Release|x64
		{38254C98-D584-4558-853B-2E88F86B3FC5}.Release|x86.ActiveCfg = Release|Win32
		{38254C98-D584-4558-853B-2E88F86B3FC5}.Release|x86.Build.0 = Release|Win32
		{6B2E6F10-BAAD-4BBB-A466-0213D96C8C4D}.Debug|x64.ActiveCfg = Debug|x64
		{6B2E6F10-BAAD-4BBB-A466-0213D96C8C4D}.Debug|x64.Build.0 = Debug|x64
		{6B2E6F10-BAAD-4BBB-A466-0213D96C8C4D}.Debug|x86.ActiveCfg = Debug|Win32
		{6B2E6F10-BAAD-4BBB-A466-0213D96C8C4D}.Debug|x86.Build.0 = Debug|Win32
		{6B2E6F10-BAAD-4BBB-A466-0213D96C8C4D}.Release|x64.ActiveCfg = Release|x64
		{6B2E6F10-BAAD-4BBB-A466-0213D96C8C4D}.Release|x64.Build.0 = Release|x64
		{6B2E6F10-BAAD-4BBB-A466-0213D96C8C4D}.Release|x86.ActiveCfg = Release|Win32
		{6B2E6F10-BAAD-4BBB-A466-0213D96C8C4D}.Release|x86.Build.0 = Release|Win32
		{AE88610F-4AFB-4BF9-8665-939B168FCC19}.Debug|x64.ActiveCfg = Debug|x64
		{AE88610F-4AFB-4BF9-8665-939B168FCC19}.Debug|x64.Build.0 = Debug|x64
		{AE88610F-4AFB-4BF9-8665-939B168FCC19}.Debug|x86.ActiveCfg = Debug|Win32
		{AE88610F-4AFB-4BF9-8665-939B168FCC19}.Debug|x86.Build.0 = Debug|Win32
		{AE88610F-4AFB-4BF9-8665-939B168FCC19}.Release|x64.ActiveCfg = Release|x64
		{AE88610F-4AFB-4BF9-8665-939B168FCC19}.Release|x64.Build.0 = Release|x64
		{AE88610F-4AFB-4BF9-8665-939B168FCC19}.Release|x86.ActiveCfg = Release|Win32
		{AE88610F-4AFB-4BF9-8665-939B168FCC19}.Release|x86.Build.0 = Release|Win32
		{CCE1DFD2-5D2B-46F6-8672-3B83676D4BCE}.Debug|x64.ActiveCfg = Debug|x64
		{CCE1DFD2-5D2B-46F6-8672-3B83676D4BCE}.Debug|x64.Build.0 = Debug|x64
		{CCE1DFD2-5D2B-46F6-8672-3B83676D4BCE}.Debug|x86.ActiveCfg = Debug|Win32
		{CCE1DFD2-5D2B-46F6-8672-3B83676D4BCE}.Debug|x86.Build.0 = Debug|Win32
		{CCE1DFD2-5D2B-46F6-8672-3B83676D4BCE}.Release|x64.ActiveCfg = Release|x64
		{CCE1DFD2-5D2B-46F6-8672-3B83676D4BCE}.Release|x64.Build.0 = Release|x64
		{CCE1DFD2-5D2B-46F6-8672-3B83676D4BCE}.Release|x86.ActiveCfg = Release|Win32
		{CCE1DFD2-5D2B-46F6-8672-3B83676D4BCE}.Release|x86.Build.0 = Release|Win32
		{013824D5-BF5F-495A-B7A8-ADE726561498}.Debug|x64.ActiveCfg = Debug|x64
		{013824D5-BF5F-495A-B7A8-ADE726561498}.Debug|x64.Build.0 = Debug|x64
		{013824D5-BF5F-495A-B7A8-ADE726561498}.Debug|x86.ActiveCfg = Debug|Win32
		{013824D5-BF5F-495A-B7A8-ADE726561498}.Debug|x86.Build.0 = Debug|Win32
		{013824D5-BF5F-495A-B7A8-ADE726561498}.Release|x64.ActiveCfg = Release|x64
		{013824D5-BF5F-495A-B7A8-ADE726561498}.Release|x64.Build.0 = Release|x64
		{013824D5-BF5F-495A-B7A8-ADE726561498}.Release|x86.ActiveCfg = Release|Win32
		{013824D5-BF5F-495A-B7A8-ADE726561498}.Release|x86.Build.0 = Release|Win32
	EndGlobalSection
	GlobalSection(SolutionProperties) = preSolution
		HideSolutionNode = FALSE
	EndGlobalSection
	GlobalSection(ExtensibilityGlobals) = postSolution
		SolutionGuid = {6811564B-F8EC-4DDF-AB74-19623E007CF4}
	EndGlobalSection
EndGlobal
