
Microsoft Visual Studio Solution File, Format Version 12.00
# Visual Studio Version 17
VisualStudioVersion = 17.1.32210.238
MinimumVisualStudioVersion = 10.0.40219.1
Project("{6EC3EE1D-3C4E-46DD-8F32-0CC8E7565705}") = "Lab1", "Lab1\Lab1.fsproj", "{C5EA872B-0632-4FC3-8083-7D426159D2F8}"
EndProject
Project("{6EC3EE1D-3C4E-46DD-8F32-0CC8E7565705}") = "Lab2", "Lab2\Lab2.fsproj", "{69FBA2BA-6D7B-404B-AF3E-79CAFAADA548}"
EndProject
Project("{6EC3EE1D-3C4E-46DD-8F32-0CC8E7565705}") = "Lab3", "Lab3\Lab3.fsproj", "{BD2DDDAA-0E66-4835-98D6-7038AB3018C5}"
EndProject
Project("{F2A71F9B-5D33-465A-A702-920D77279786}") = "Lab5", "Lab5\Lab5.fsproj", "{C3E99D75-9D03-461A-A8FF-1B747221EC87}"
EndProject
Global
	GlobalSection(SolutionConfigurationPlatforms) = preSolution
		Debug|Any CPU = Debug|Any CPU
		Release|Any CPU = Release|Any CPU
	EndGlobalSection
	GlobalSection(ProjectConfigurationPlatforms) = postSolution
		{C5EA872B-0632-4FC3-8083-7D426159D2F8}.Debug|Any CPU.ActiveCfg = Debug|Any CPU
		{C5EA872B-0632-4FC3-8083-7D426159D2F8}.Debug|Any CPU.Build.0 = Debug|Any CPU
		{C5EA872B-0632-4FC3-8083-7D426159D2F8}.Release|Any CPU.ActiveCfg = Release|Any CPU
		{C5EA872B-0632-4FC3-8083-7D426159D2F8}.Release|Any CPU.Build.0 = Release|Any CPU
		{69FBA2BA-6D7B-404B-AF3E-79CAFAADA548}.Debug|Any CPU.ActiveCfg = Debug|Any CPU
		{69FBA2BA-6D7B-404B-AF3E-79CAFAADA548}.Debug|Any CPU.Build.0 = Debug|Any CPU
		{69FBA2BA-6D7B-404B-AF3E-79CAFAADA548}.Release|Any CPU.ActiveCfg = Release|Any CPU
		{69FBA2BA-6D7B-404B-AF3E-79CAFAADA548}.Release|Any CPU.Build.0 = Release|Any CPU
		{BD2DDDAA-0E66-4835-98D6-7038AB3018C5}.Debug|Any CPU.ActiveCfg = Debug|Any CPU
		{BD2DDDAA-0E66-4835-98D6-7038AB3018C5}.Debug|Any CPU.Build.0 = Debug|Any CPU
		{BD2DDDAA-0E66-4835-98D6-7038AB3018C5}.Release|Any CPU.ActiveCfg = Release|Any CPU
		{BD2DDDAA-0E66-4835-98D6-7038AB3018C5}.Release|Any CPU.Build.0 = Release|Any CPU
		{C3E99D75-9D03-461A-A8FF-1B747221EC87}.Debug|Any CPU.ActiveCfg = Debug|Any CPU
		{C3E99D75-9D03-461A-A8FF-1B747221EC87}.Debug|Any CPU.Build.0 = Debug|Any CPU
		{C3E99D75-9D03-461A-A8FF-1B747221EC87}.Release|Any CPU.ActiveCfg = Release|Any CPU
		{C3E99D75-9D03-461A-A8FF-1B747221EC87}.Release|Any CPU.Build.0 = Release|Any CPU
	EndGlobalSection
	GlobalSection(SolutionProperties) = preSolution
		HideSolutionNode = FALSE
	EndGlobalSection
	GlobalSection(ExtensibilityGlobals) = postSolution
		SolutionGuid = {76E2FA41-EB46-44B0-9F7F-E6C3C34A9B96}
	EndGlobalSection
EndGlobal
