
Microsoft Visual Studio Solution File, Format Version 12.00
# Visual Studio Version 17
VisualStudioVersion = 17.1.32319.34
MinimumVisualStudioVersion = 10.0.40219.1
Project("{8BC9CEB8-8B4A-11D0-8D11-00A0C91BC942}") = "Spr1", "Spr1\Spr1.vcxproj", "{D7C8C151-FD48-4962-BF42-D4C4592C0B15}"
EndProject
Project("{8BC9CEB8-8B4A-11D0-8D11-00A0C91BC942}") = "Spr2", "Spr2\Spr2.vcxproj", "{D5796703-24BB-4D34-8E44-2A03B2E60483}"
EndProject
Project("{8BC9CEB8-8B4A-11D0-8D11-00A0C91BC942}") = "ProjektZaliczeniowy", "ProjektZaliczeniowy\ProjektZaliczeniowy.vcxproj", "{5B81F0A5-BCA9-4822-AA1F-71012510FBF5}"
EndProject
Global
	GlobalSection(SolutionConfigurationPlatforms) = preSolution
		Debug|x64 = Debug|x64
		Debug|x86 = Debug|x86
		Release|x64 = Release|x64
		Release|x86 = Release|x86
	EndGlobalSection
	GlobalSection(ProjectConfigurationPlatforms) = postSolution
		{D7C8C151-FD48-4962-BF42-D4C4592C0B15}.Debug|x64.ActiveCfg = Debug|x64
		{D7C8C151-FD48-4962-BF42-D4C4592C0B15}.Debug|x64.Build.0 = Debug|x64
		{D7C8C151-FD48-4962-BF42-D4C4592C0B15}.Debug|x86.ActiveCfg = Debug|Win32
		{D7C8C151-FD48-4962-BF42-D4C4592C0B15}.Debug|x86.Build.0 = Debug|Win32
		{D7C8C151-FD48-4962-BF42-D4C4592C0B15}.Release|x64.ActiveCfg = Release|x64
		{D7C8C151-FD48-4962-BF42-D4C4592C0B15}.Release|x64.Build.0 = Release|x64
		{D7C8C151-FD48-4962-BF42-D4C4592C0B15}.Release|x86.ActiveCfg = Release|Win32
		{D7C8C151-FD48-4962-BF42-D4C4592C0B15}.Release|x86.Build.0 = Release|Win32
		{D5796703-24BB-4D34-8E44-2A03B2E60483}.Debug|x64.ActiveCfg = Debug|x64
		{D5796703-24BB-4D34-8E44-2A03B2E60483}.Debug|x64.Build.0 = Debug|x64
		{D5796703-24BB-4D34-8E44-2A03B2E60483}.Debug|x86.ActiveCfg = Debug|Win32
		{D5796703-24BB-4D34-8E44-2A03B2E60483}.Debug|x86.Build.0 = Debug|Win32
		{D5796703-24BB-4D34-8E44-2A03B2E60483}.Release|x64.ActiveCfg = Release|x64
		{D5796703-24BB-4D34-8E44-2A03B2E60483}.Release|x64.Build.0 = Release|x64
		{D5796703-24BB-4D34-8E44-2A03B2E60483}.Release|x86.ActiveCfg = Release|Win32
		{D5796703-24BB-4D34-8E44-2A03B2E60483}.Release|x86.Build.0 = Release|Win32
		{5B81F0A5-BCA9-4822-AA1F-71012510FBF5}.Debug|x64.ActiveCfg = Debug|x64
		{5B81F0A5-BCA9-4822-AA1F-71012510FBF5}.Debug|x64.Build.0 = Debug|x64
		{5B81F0A5-BCA9-4822-AA1F-71012510FBF5}.Debug|x86.ActiveCfg = Debug|Win32
		{5B81F0A5-BCA9-4822-AA1F-71012510FBF5}.Debug|x86.Build.0 = Debug|Win32
		{5B81F0A5-BCA9-4822-AA1F-71012510FBF5}.Release|x64.ActiveCfg = Release|x64
		{5B81F0A5-BCA9-4822-AA1F-71012510FBF5}.Release|x64.Build.0 = Release|x64
		{5B81F0A5-BCA9-4822-AA1F-71012510FBF5}.Release|x86.ActiveCfg = Release|Win32
		{5B81F0A5-BCA9-4822-AA1F-71012510FBF5}.Release|x86.Build.0 = Release|Win32
	EndGlobalSection
	GlobalSection(SolutionProperties) = preSolution
		HideSolutionNode = FALSE
	EndGlobalSection
	GlobalSection(ExtensibilityGlobals) = postSolution
		SolutionGuid = {CC22B00B-06C8-4DE2-9C27-2255DCB8EE08}
	EndGlobalSection
EndGlobal
